
Microsoft Visual Studio Solution File, Format Version 12.00
# Visual Studio Version 17
VisualStudioVersion = 17.12.35527.113
MinimumVisualStudioVersion = 10.0.40219.1
Project("{8BC9CEB8-8B4A-11D0-8D11-00A0C91BC942}") = "Problem#02", "Problem#02\Problem#02.vcxproj", "{6D7CD552-D1F9-4B6F-BAF7-081428EF73F5}"
EndProject
Project("{8BC9CEB8-8B4A-11D0-8D11-00A0C91BC942}") = "Problem#03", "Problem#03\Problem#03.vcxproj", "{0ED18EEA-AF98-4EC3-8558-FA174DA8DD16}"
EndProject
Project("{8BC9CEB8-8B4A-11D0-8D11-00A0C91BC942}") = "Problem#04", "Problem#04\Problem#04.vcxproj", "{187D760F-679B-4278-9DE6-EAED1EC60A46}"
EndProject
Project("{8BC9CEB8-8B4A-11D0-8D11-00A0C91BC942}") = "Problem#05", "Problem#05\Problem#05.vcxproj", "{7C3515BB-575B-41CC-B1D3-64F34FCECAB2}"
EndProject
Project("{8BC9CEB8-8B4A-11D0-8D11-00A0C91BC942}") = "Problem#06", "Problem#06\Problem#06.vcxproj", "{5A95D3A9-204C-4704-B792-592C141CB6BD}"
EndProject
Project("{8BC9CEB8-8B4A-11D0-8D11-00A0C91BC942}") = "Problem#07", "Problem#07\Problem#07.vcxproj", "{F1840BB9-76E0-4B20-AD7B-7B40CAD0BD48}"
EndProject
Project("{8BC9CEB8-8B4A-11D0-8D11-00A0C91BC942}") = "Problem#08", "Problem#08\Problem#08.vcxproj", "{25654EDF-2CAE-47C7-9D5E-7CE8615776DF}"
EndProject
Project("{8BC9CEB8-8B4A-11D0-8D11-00A0C91BC942}") = "Problem#09", "Problem#09\Problem#09.vcxproj", "{3D77F613-054D-430F-97CB-C0F6F6C1D82E}"
EndProject
Project("{8BC9CEB8-8B4A-11D0-8D11-00A0C91BC942}") = "Problem#10", "Problem#10\Problem#10.vcxproj", "{AB4B57AF-C13A-4B70-903B-949456672919}"
EndProject
Project("{8BC9CEB8-8B4A-11D0-8D11-00A0C91BC942}") = "Problem#11", "Problem#11\Problem#11.vcxproj", "{D5DE7B0C-0712-420A-AABA-2B759FE1F9E9}"
EndProject
Project("{8BC9CEB8-8B4A-11D0-8D11-00A0C91BC942}") = "Problem#12", "Problem#12\Problem#12.vcxproj", "{EF4566E6-95E0-4402-ACA1-08044B4620E6}"
EndProject
Project("{8BC9CEB8-8B4A-11D0-8D11-00A0C91BC942}") = "Problem#13", "Problem#13\Problem#13.vcxproj", "{C3D9B52B-D658-4252-AE96-12450653DAF6}"
EndProject
Project("{8BC9CEB8-8B4A-11D0-8D11-00A0C91BC942}") = "Problem#14", "Problem#14\Problem#14.vcxproj", "{B33875C8-5F9A-45F0-8C34-3087A0AD71FB}"
EndProject
Project("{8BC9CEB8-8B4A-11D0-8D11-00A0C91BC942}") = "Problem#15", "Problem#15\Problem#15.vcxproj", "{7ECBB156-E1AC-44C5-897E-013D721D0881}"
EndProject
Project("{8BC9CEB8-8B4A-11D0-8D11-00A0C91BC942}") = "Problem#16", "Problem#16\Problem#16.vcxproj", "{67E75318-8E4E-42B0-B6C4-4345DB4841C2}"
EndProject
Project("{8BC9CEB8-8B4A-11D0-8D11-00A0C91BC942}") = "Problem#17", "Problem#17\Problem#17.vcxproj", "{AA47D325-CF52-49E2-A642-8D5515D41B27}"
EndProject
Project("{8BC9CEB8-8B4A-11D0-8D11-00A0C91BC942}") = "Problem#18", "Problem#18\Problem#18.vcxproj", "{A37A2478-95BD-4D2A-A266-2C1F98363C3E}"
EndProject
Project("{8BC9CEB8-8B4A-11D0-8D11-00A0C91BC942}") = "Problem#19", "Problem#19\Problem#19.vcxproj", "{B6E0D89C-13F2-4E92-8FC5-C19917888ADE}"
EndProject
Project("{8BC9CEB8-8B4A-11D0-8D11-00A0C91BC942}") = "Problem#20", "Problem#20\Problem#20.vcxproj", "{61CA8327-CDEE-4800-9170-B00C55795355}"
EndProject
Project("{8BC9CEB8-8B4A-11D0-8D11-00A0C91BC942}") = "Problem#21", "Problem#21\Problem#21.vcxproj", "{A6A2DFF4-67AA-4AEF-B586-235F28E147EB}"
EndProject
Project("{8BC9CEB8-8B4A-11D0-8D11-00A0C91BC942}") = "Problem#22", "Problem#22\Problem#22.vcxproj", "{54FD0AC2-FE0C-4E72-ADC5-3A0DB0D54F8B}"
EndProject
Project("{8BC9CEB8-8B4A-11D0-8D11-00A0C91BC942}") = "Problem#01", "Problem#01\Problem#01.vcxproj", "{C01E927F-D5CA-47D4-A06D-BF0F051AAFB1}"
EndProject
Project("{8BC9CEB8-8B4A-11D0-8D11-00A0C91BC942}") = "Problem#23", "Problem#23\Problem#23.vcxproj", "{518BFCFF-1B73-423F-A09B-98819D5FF0CC}"
EndProject
Project("{8BC9CEB8-8B4A-11D0-8D11-00A0C91BC942}") = "Problem#24", "Problem#24\Problem#24.vcxproj", "{3BA3C4B4-0703-40EF-9CD2-86A67884A80E}"
EndProject
Project("{8BC9CEB8-8B4A-11D0-8D11-00A0C91BC942}") = "Problem#25", "Problem#25\Problem#25.vcxproj", "{FDFC23B1-ED1D-4615-836C-1E0CE8E5C574}"
EndProject
Project("{8BC9CEB8-8B4A-11D0-8D11-00A0C91BC942}") = "Problem#26", "Problem#26\Problem#26.vcxproj", "{FC4BF53C-50D9-40BE-BEB2-58265D6CB435}"
EndProject
Project("{8BC9CEB8-8B4A-11D0-8D11-00A0C91BC942}") = "Problem#27", "Problem#27\ConsoleApplication1.vcxproj", "{5F004DC8-FDD0-42D0-AC8C-D7A3A5121EE9}"
EndProject
Project("{8BC9CEB8-8B4A-11D0-8D11-00A0C91BC942}") = "Problem#28", "Problem#28\Problem#28.vcxproj", "{86A6CF1E-35B4-43A4-8659-5B1DBB7AA01E}"
EndProject
Project("{8BC9CEB8-8B4A-11D0-8D11-00A0C91BC942}") = "Problem#29", "Problem#29\Problem#29.vcxproj", "{45ABAB05-9293-4EEA-A151-4B0086A7A85F}"
EndProject
Project("{8BC9CEB8-8B4A-11D0-8D11-00A0C91BC942}") = "Problem#30", "Problem#30\Problem#30.vcxproj", "{88A66EF5-D886-4D39-BD09-BD5C1CF9DEDD}"
EndProject
Project("{8BC9CEB8-8B4A-11D0-8D11-00A0C91BC942}") = "Problem#31", "Problem#31\Problem#31.vcxproj", "{505C3CD2-B5D4-4197-BE23-8677C97E18A2}"
EndProject
Project("{8BC9CEB8-8B4A-11D0-8D11-00A0C91BC942}") = "Problem#32", "Problem#32\Problem#32.vcxproj", "{8E3EA7B8-B791-4C10-B329-AB3C672B915D}"
EndProject
Project("{8BC9CEB8-8B4A-11D0-8D11-00A0C91BC942}") = "Problem#33", "Problem#33\Problem#33.vcxproj", "{CE80BE4C-0C6E-4381-B05E-411E51CD4050}"
EndProject
Project("{8BC9CEB8-8B4A-11D0-8D11-00A0C91BC942}") = "Problem#34", "Problem#34\Problem#34.vcxproj", "{FE2D0DF0-CF05-44D9-9231-1F92473C5839}"
EndProject
Project("{8BC9CEB8-8B4A-11D0-8D11-00A0C91BC942}") = "Problem#35", "Problem#35\Problem#35.vcxproj", "{B2603498-B0AA-4F4A-9D24-05C3CF4A89B5}"
EndProject
Project("{8BC9CEB8-8B4A-11D0-8D11-00A0C91BC942}") = "Problem#36", "Problem#36\Problem#36.vcxproj", "{02F747C2-7580-4BF3-A916-678654536A59}"
EndProject
Project("{8BC9CEB8-8B4A-11D0-8D11-00A0C91BC942}") = "Problem#37", "Problem#37\Problem#37.vcxproj", "{FB6E336F-06C2-4704-B8E5-21BD4547020D}"
EndProject
Project("{8BC9CEB8-8B4A-11D0-8D11-00A0C91BC942}") = "Problem#38", "Problem#38\Problem#38.vcxproj", "{0BC4C2F1-EA1A-4B14-9588-B964301ABD88}"
EndProject
Project("{8BC9CEB8-8B4A-11D0-8D11-00A0C91BC942}") = "Problem#39", "Problem#39\Problem#39.vcxproj", "{A33157CA-6565-4D96-9D2D-996539117B78}"
EndProject
Project("{8BC9CEB8-8B4A-11D0-8D11-00A0C91BC942}") = "Problem#40", "Problem#40\Problem#40.vcxproj", "{8235C3D8-C4A2-459D-A4B2-BC9B4D6242A9}"
EndProject
Project("{8BC9CEB8-8B4A-11D0-8D11-00A0C91BC942}") = "Problem#41", "Problem#41\Problem#41.vcxproj", "{B9EDE718-2DCD-407A-8DAD-9862CCEF99C2}"
EndProject
Project("{8BC9CEB8-8B4A-11D0-8D11-00A0C91BC942}") = "Problem#42", "Problem#42\Problem#42.vcxproj", "{B2096129-CBCD-4228-BF42-2D4F017D803F}"
EndProject
Project("{8BC9CEB8-8B4A-11D0-8D11-00A0C91BC942}") = "Problem#43", "Problem#43\Problem#43.vcxproj", "{9018C4A0-8921-4E8D-8D73-A825392C585E}"
EndProject
Project("{8BC9CEB8-8B4A-11D0-8D11-00A0C91BC942}") = "Problem#44", "Problem#44\Problem#44.vcxproj", "{7E6A3BA0-EA2B-46F9-854A-107F0ECA9138}"
EndProject
Project("{8BC9CEB8-8B4A-11D0-8D11-00A0C91BC942}") = "Problem#45", "Problem#45\Problem#45.vcxproj", "{F8B33BF0-042A-461E-A151-22951C8C7A2D}"
EndProject
Project("{8BC9CEB8-8B4A-11D0-8D11-00A0C91BC942}") = "Problem#46", "Problem#46\Problem#46.vcxproj", "{C3D8A55F-2093-4B42-92F0-719B46112691}"
EndProject
Global
	GlobalSection(SolutionConfigurationPlatforms) = preSolution
		Debug|x64 = Debug|x64
		Debug|x86 = Debug|x86
		Release|x64 = Release|x64
		Release|x86 = Release|x86
	EndGlobalSection
	GlobalSection(ProjectConfigurationPlatforms) = postSolution
		{6D7CD552-D1F9-4B6F-BAF7-081428EF73F5}.Debug|x64.ActiveCfg = Debug|x64
		{6D7CD552-D1F9-4B6F-BAF7-081428EF73F5}.Debug|x64.Build.0 = Debug|x64
		{6D7CD552-D1F9-4B6F-BAF7-081428EF73F5}.Debug|x86.ActiveCfg = Debug|Win32
		{6D7CD552-D1F9-4B6F-BAF7-081428EF73F5}.Debug|x86.Build.0 = Debug|Win32
		{6D7CD552-D1F9-4B6F-BAF7-081428EF73F5}.Release|x64.ActiveCfg = Release|x64
		{6D7CD552-D1F9-4B6F-BAF7-081428EF73F5}.Release|x64.Build.0 = Release|x64
		{6D7CD552-D1F9-4B6F-BAF7-081428EF73F5}.Release|x86.ActiveCfg = Release|Win32
		{6D7CD552-D1F9-4B6F-BAF7-081428EF73F5}.Release|x86.Build.0 = Release|Win32
		{0ED18EEA-AF98-4EC3-8558-FA174DA8DD16}.Debug|x64.ActiveCfg = Debug|x64
		{0ED18EEA-AF98-4EC3-8558-FA174DA8DD16}.Debug|x64.Build.0 = Debug|x64
		{0ED18EEA-AF98-4EC3-8558-FA174DA8DD16}.Debug|x86.ActiveCfg = Debug|Win32
		{0ED18EEA-AF98-4EC3-8558-FA174DA8DD16}.Debug|x86.Build.0 = Debug|Win32
		{0ED18EEA-AF98-4EC3-8558-FA174DA8DD16}.Release|x64.ActiveCfg = Release|x64
		{0ED18EEA-AF98-4EC3-8558-FA174DA8DD16}.Release|x64.Build.0 = Release|x64
		{0ED18EEA-AF98-4EC3-8558-FA174DA8DD16}.Release|x86.ActiveCfg = Release|Win32
		{0ED18EEA-AF98-4EC3-8558-FA174DA8DD16}.Release|x86.Build.0 = Release|Win32
		{187D760F-679B-4278-9DE6-EAED1EC60A46}.Debug|x64.ActiveCfg = Debug|x64
		{187D760F-679B-4278-9DE6-EAED1EC60A46}.Debug|x64.Build.0 = Debug|x64
		{187D760F-679B-4278-9DE6-EAED1EC60A46}.Debug|x86.ActiveCfg = Debug|Win32
		{187D760F-679B-4278-9DE6-EAED1EC60A46}.Debug|x86.Build.0 = Debug|Win32
		{187D760F-679B-4278-9DE6-EAED1EC60A46}.Release|x64.ActiveCfg = Release|x64
		{187D760F-679B-4278-9DE6-EAED1EC60A46}.Release|x64.Build.0 = Release|x64
		{187D760F-679B-4278-9DE6-EAED1EC60A46}.Release|x86.ActiveCfg = Release|Win32
		{187D760F-679B-4278-9DE6-EAED1EC60A46}.Release|x86.Build.0 = Release|Win32
		{7C3515BB-575B-41CC-B1D3-64F34FCECAB2}.Debug|x64.ActiveCfg = Debug|x64
		{7C3515BB-575B-41CC-B1D3-64F34FCECAB2}.Debug|x64.Build.0 = Debug|x64
		{7C3515BB-575B-41CC-B1D3-64F34FCECAB2}.Debug|x86.ActiveCfg = Debug|Win32
		{7C3515BB-575B-41CC-B1D3-64F34FCECAB2}.Debug|x86.Build.0 = Debug|Win32
		{7C3515BB-575B-41CC-B1D3-64F34FCECAB2}.Release|x64.ActiveCfg = Release|x64
		{7C3515BB-575B-41CC-B1D3-64F34FCECAB2}.Release|x64.Build.0 = Release|x64
		{7C3515BB-575B-41CC-B1D3-64F34FCECAB2}.Release|x86.ActiveCfg = Release|Win32
		{7C3515BB-575B-41CC-B1D3-64F34FCECAB2}.Release|x86.Build.0 = Release|Win32
		{5A95D3A9-204C-4704-B792-592C141CB6BD}.Debug|x64.ActiveCfg = Debug|x64
		{5A95D3A9-204C-4704-B792-592C141CB6BD}.Debug|x64.Build.0 = Debug|x64
		{5A95D3A9-204C-4704-B792-592C141CB6BD}.Debug|x86.ActiveCfg = Debug|Win32
		{5A95D3A9-204C-4704-B792-592C141CB6BD}.Debug|x86.Build.0 = Debug|Win32
		{5A95D3A9-204C-4704-B792-592C141CB6BD}.Release|x64.ActiveCfg = Release|x64
		{5A95D3A9-204C-4704-B792-592C141CB6BD}.Release|x64.Build.0 = Release|x64
		{5A95D3A9-204C-4704-B792-592C141CB6BD}.Release|x86.ActiveCfg = Release|Win32
		{5A95D3A9-204C-4704-B792-592C141CB6BD}.Release|x86.Build.0 = Release|Win32
		{F1840BB9-76E0-4B20-AD7B-7B40CAD0BD48}.Debug|x64.ActiveCfg = Debug|x64
		{F1840BB9-76E0-4B20-AD7B-7B40CAD0BD48}.Debug|x64.Build.0 = Debug|x64
		{F1840BB9-76E0-4B20-AD7B-7B40CAD0BD48}.Debug|x86.ActiveCfg = Debug|Win32
		{F1840BB9-76E0-4B20-AD7B-7B40CAD0BD48}.Debug|x86.Build.0 = Debug|Win32
		{F1840BB9-76E0-4B20-AD7B-7B40CAD0BD48}.Release|x64.ActiveCfg = Release|x64
		{F1840BB9-76E0-4B20-AD7B-7B40CAD0BD48}.Release|x64.Build.0 = Release|x64
		{F1840BB9-76E0-4B20-AD7B-7B40CAD0BD48}.Release|x86.ActiveCfg = Release|Win32
		{F1840BB9-76E0-4B20-AD7B-7B40CAD0BD48}.Release|x86.Build.0 = Release|Win32
		{25654EDF-2CAE-47C7-9D5E-7CE8615776DF}.Debug|x64.ActiveCfg = Debug|x64
		{25654EDF-2CAE-47C7-9D5E-7CE8615776DF}.Debug|x64.Build.0 = Debug|x64
		{25654EDF-2CAE-47C7-9D5E-7CE8615776DF}.Debug|x86.ActiveCfg = Debug|Win32
		{25654EDF-2CAE-47C7-9D5E-7CE8615776DF}.Debug|x86.Build.0 = Debug|Win32
		{25654EDF-2CAE-47C7-9D5E-7CE8615776DF}.Release|x64.ActiveCfg = Release|x64
		{25654EDF-2CAE-47C7-9D5E-7CE8615776DF}.Release|x64.Build.0 = Release|x64
		{25654EDF-2CAE-47C7-9D5E-7CE8615776DF}.Release|x86.ActiveCfg = Release|Win32
		{25654EDF-2CAE-47C7-9D5E-7CE8615776DF}.Release|x86.Build.0 = Release|Win32
		{3D77F613-054D-430F-97CB-C0F6F6C1D82E}.Debug|x64.ActiveCfg = Debug|x64
		{3D77F613-054D-430F-97CB-C0F6F6C1D82E}.Debug|x64.Build.0 = Debug|x64
		{3D77F613-054D-430F-97CB-C0F6F6C1D82E}.Debug|x86.ActiveCfg = Debug|Win32
		{3D77F613-054D-430F-97CB-C0F6F6C1D82E}.Debug|x86.Build.0 = Debug|Win32
		{3D77F613-054D-430F-97CB-C0F6F6C1D82E}.Release|x64.ActiveCfg = Release|x64
		{3D77F613-054D-430F-97CB-C0F6F6C1D82E}.Release|x64.Build.0 = Release|x64
		{3D77F613-054D-430F-97CB-C0F6F6C1D82E}.Release|x86.ActiveCfg = Release|Win32
		{3D77F613-054D-430F-97CB-C0F6F6C1D82E}.Release|x86.Build.0 = Release|Win32
		{AB4B57AF-C13A-4B70-903B-949456672919}.Debug|x64.ActiveCfg = Debug|x64
		{AB4B57AF-C13A-4B70-903B-949456672919}.Debug|x64.Build.0 = Debug|x64
		{AB4B57AF-C13A-4B70-903B-949456672919}.Debug|x86.ActiveCfg = Debug|Win32
		{AB4B57AF-C13A-4B70-903B-949456672919}.Debug|x86.Build.0 = Debug|Win32
		{AB4B57AF-C13A-4B70-903B-949456672919}.Release|x64.ActiveCfg = Release|x64
		{AB4B57AF-C13A-4B70-903B-949456672919}.Release|x64.Build.0 = Release|x64
		{AB4B57AF-C13A-4B70-903B-949456672919}.Release|x86.ActiveCfg = Release|Win32
		{AB4B57AF-C13A-4B70-903B-949456672919}.Release|x86.Build.0 = Release|Win32
		{D5DE7B0C-0712-420A-AABA-2B759FE1F9E9}.Debug|x64.ActiveCfg = Debug|x64
		{D5DE7B0C-0712-420A-AABA-2B759FE1F9E9}.Debug|x64.Build.0 = Debug|x64
		{D5DE7B0C-0712-420A-AABA-2B759FE1F9E9}.Debug|x86.ActiveCfg = Debug|Win32
		{D5DE7B0C-0712-420A-AABA-2B759FE1F9E9}.Debug|x86.Build.0 = Debug|Win32
		{D5DE7B0C-0712-420A-AABA-2B759FE1F9E9}.Release|x64.ActiveCfg = Release|x64
		{D5DE7B0C-0712-420A-AABA-2B759FE1F9E9}.Release|x64.Build.0 = Release|x64
		{D5DE7B0C-0712-420A-AABA-2B759FE1F9E9}.Release|x86.ActiveCfg = Release|Win32
		{D5DE7B0C-0712-420A-AABA-2B759FE1F9E9}.Release|x86.Build.0 = Release|Win32
		{EF4566E6-95E0-4402-ACA1-08044B4620E6}.Debug|x64.ActiveCfg = Debug|x64
		{EF4566E6-95E0-4402-ACA1-08044B4620E6}.Debug|x64.Build.0 = Debug|x64
		{EF4566E6-95E0-4402-ACA1-08044B4620E6}.Debug|x86.ActiveCfg = Debug|Win32
		{EF4566E6-95E0-4402-ACA1-08044B4620E6}.Debug|x86.Build.0 = Debug|Win32
		{EF4566E6-95E0-4402-ACA1-08044B4620E6}.Release|x64.ActiveCfg = Release|x64
		{EF4566E6-95E0-4402-ACA1-08044B4620E6}.Release|x64.Build.0 = Release|x64
		{EF4566E6-95E0-4402-ACA1-08044B4620E6}.Release|x86.ActiveCfg = Release|Win32
		{EF4566E6-95E0-4402-ACA1-08044B4620E6}.Release|x86.Build.0 = Release|Win32
		{C3D9B52B-D658-4252-AE96-12450653DAF6}.Debug|x64.ActiveCfg = Debug|x64
		{C3D9B52B-D658-4252-AE96-12450653DAF6}.Debug|x64.Build.0 = Debug|x64
		{C3D9B52B-D658-4252-AE96-12450653DAF6}.Debug|x86.ActiveCfg = Debug|Win32
		{C3D9B52B-D658-4252-AE96-12450653DAF6}.Debug|x86.Build.0 = Debug|Win32
		{C3D9B52B-D658-4252-AE96-12450653DAF6}.Release|x64.ActiveCfg = Release|x64
		{C3D9B52B-D658-4252-AE96-12450653DAF6}.Release|x64.Build.0 = Release|x64
		{C3D9B52B-D658-4252-AE96-12450653DAF6}.Release|x86.ActiveCfg = Release|Win32
		{C3D9B52B-D658-4252-AE96-12450653DAF6}.Release|x86.Build.0 = Release|Win32
		{B33875C8-5F9A-45F0-8C34-3087A0AD71FB}.Debug|x64.ActiveCfg = Debug|x64
		{B33875C8-5F9A-45F0-8C34-3087A0AD71FB}.Debug|x64.Build.0 = Debug|x64
		{B33875C8-5F9A-45F0-8C34-3087A0AD71FB}.Debug|x86.ActiveCfg = Debug|Win32
		{B33875C8-5F9A-45F0-8C34-3087A0AD71FB}.Debug|x86.Build.0 = Debug|Win32
		{B33875C8-5F9A-45F0-8C34-3087A0AD71FB}.Release|x64.ActiveCfg = Release|x64
		{B33875C8-5F9A-45F0-8C34-3087A0AD71FB}.Release|x64.Build.0 = Release|x64
		{B33875C8-5F9A-45F0-8C34-3087A0AD71FB}.Release|x86.ActiveCfg = Release|Win32
		{B33875C8-5F9A-45F0-8C34-3087A0AD71FB}.Release|x86.Build.0 = Release|Win32
		{7ECBB156-E1AC-44C5-897E-013D721D0881}.Debug|x64.ActiveCfg = Debug|x64
		{7ECBB156-E1AC-44C5-897E-013D721D0881}.Debug|x64.Build.0 = Debug|x64
		{7ECBB156-E1AC-44C5-897E-013D721D0881}.Debug|x86.ActiveCfg = Debug|Win32
		{7ECBB156-E1AC-44C5-897E-013D721D0881}.Debug|x86.Build.0 = Debug|Win32
		{7ECBB156-E1AC-44C5-897E-013D721D0881}.Release|x64.ActiveCfg = Release|x64
		{7ECBB156-E1AC-44C5-897E-013D721D0881}.Release|x64.Build.0 = Release|x64
		{7ECBB156-E1AC-44C5-897E-013D721D0881}.Release|x86.ActiveCfg = Release|Win32
		{7ECBB156-E1AC-44C5-897E-013D721D0881}.Release|x86.Build.0 = Release|Win32
		{67E75318-8E4E-42B0-B6C4-4345DB4841C2}.Debug|x64.ActiveCfg = Debug|x64
		{67E75318-8E4E-42B0-B6C4-4345DB4841C2}.Debug|x64.Build.0 = Debug|x64
		{67E75318-8E4E-42B0-B6C4-4345DB4841C2}.Debug|x86.ActiveCfg = Debug|Win32
		{67E75318-8E4E-42B0-B6C4-4345DB4841C2}.Debug|x86.Build.0 = Debug|Win32
		{67E75318-8E4E-42B0-B6C4-4345DB4841C2}.Release|x64.ActiveCfg = Release|x64
		{67E75318-8E4E-42B0-B6C4-4345DB4841C2}.Release|x64.Build.0 = Release|x64
		{67E75318-8E4E-42B0-B6C4-4345DB4841C2}.Release|x86.ActiveCfg = Release|Win32
		{67E75318-8E4E-42B0-B6C4-4345DB4841C2}.Release|x86.Build.0 = Release|Win32
		{AA47D325-CF52-49E2-A642-8D5515D41B27}.Debug|x64.ActiveCfg = Debug|x64
		{AA47D325-CF52-49E2-A642-8D5515D41B27}.Debug|x64.Build.0 = Debug|x64
		{AA47D325-CF52-49E2-A642-8D5515D41B27}.Debug|x86.ActiveCfg = Debug|Win32
		{AA47D325-CF52-49E2-A642-8D5515D41B27}.Debug|x86.Build.0 = Debug|Win32
		{AA47D325-CF52-49E2-A642-8D5515D41B27}.Release|x64.ActiveCfg = Release|x64
		{AA47D325-CF52-49E2-A642-8D5515D41B27}.Release|x64.Build.0 = Release|x64
		{AA47D325-CF52-49E2-A642-8D5515D41B27}.Release|x86.ActiveCfg = Release|Win32
		{AA47D325-CF52-49E2-A642-8D5515D41B27}.Release|x86.Build.0 = Release|Win32
		{A37A2478-95BD-4D2A-A266-2C1F98363C3E}.Debug|x64.ActiveCfg = Debug|x64
		{A37A2478-95BD-4D2A-A266-2C1F98363C3E}.Debug|x64.Build.0 = Debug|x64
		{A37A2478-95BD-4D2A-A266-2C1F98363C3E}.Debug|x86.ActiveCfg = Debug|Win32
		{A37A2478-95BD-4D2A-A266-2C1F98363C3E}.Debug|x86.Build.0 = Debug|Win32
		{A37A2478-95BD-4D2A-A266-2C1F98363C3E}.Release|x64.ActiveCfg = Release|x64
		{A37A2478-95BD-4D2A-A266-2C1F98363C3E}.Release|x64.Build.0 = Release|x64
		{A37A2478-95BD-4D2A-A266-2C1F98363C3E}.Release|x86.ActiveCfg = Release|Win32
		{A37A2478-95BD-4D2A-A266-2C1F98363C3E}.Release|x86.Build.0 = Release|Win32
		{B6E0D89C-13F2-4E92-8FC5-C19917888ADE}.Debug|x64.ActiveCfg = Debug|x64
		{B6E0D89C-13F2-4E92-8FC5-C19917888ADE}.Debug|x64.Build.0 = Debug|x64
		{B6E0D89C-13F2-4E92-8FC5-C19917888ADE}.Debug|x86.ActiveCfg = Debug|Win32
		{B6E0D89C-13F2-4E92-8FC5-C19917888ADE}.Debug|x86.Build.0 = Debug|Win32
		{B6E0D89C-13F2-4E92-8FC5-C19917888ADE}.Release|x64.ActiveCfg = Release|x64
		{B6E0D89C-13F2-4E92-8FC5-C19917888ADE}.Release|x64.Build.0 = Release|x64
		{B6E0D89C-13F2-4E92-8FC5-C19917888ADE}.Release|x86.ActiveCfg = Release|Win32
		{B6E0D89C-13F2-4E92-8FC5-C19917888ADE}.Release|x86.Build.0 = Release|Win32
		{61CA8327-CDEE-4800-9170-B00C55795355}.Debug|x64.ActiveCfg = Debug|x64
		{61CA8327-CDEE-4800-9170-B00C55795355}.Debug|x64.Build.0 = Debug|x64
		{61CA8327-CDEE-4800-9170-B00C55795355}.Debug|x86.ActiveCfg = Debug|Win32
		{61CA8327-CDEE-4800-9170-B00C55795355}.Debug|x86.Build.0 = Debug|Win32
		{61CA8327-CDEE-4800-9170-B00C55795355}.Release|x64.ActiveCfg = Release|x64
		{61CA8327-CDEE-4800-9170-B00C55795355}.Release|x64.Build.0 = Release|x64
		{61CA8327-CDEE-4800-9170-B00C55795355}.Release|x86.ActiveCfg = Release|Win32
		{61CA8327-CDEE-4800-9170-B00C55795355}.Release|x86.Build.0 = Release|Win32
		{A6A2DFF4-67AA-4AEF-B586-235F28E147EB}.Debug|x64.ActiveCfg = Debug|x64
		{A6A2DFF4-67AA-4AEF-B586-235F28E147EB}.Debug|x64.Build.0 = Debug|x64
		{A6A2DFF4-67AA-4AEF-B586-235F28E147EB}.Debug|x86.ActiveCfg = Debug|Win32
		{A6A2DFF4-67AA-4AEF-B586-235F28E147EB}.Debug|x86.Build.0 = Debug|Win32
		{A6A2DFF4-67AA-4AEF-B586-235F28E147EB}.Release|x64.ActiveCfg = Release|x64
		{A6A2DFF4-67AA-4AEF-B586-235F28E147EB}.Release|x64.Build.0 = Release|x64
		{A6A2DFF4-67AA-4AEF-B586-235F28E147EB}.Release|x86.ActiveCfg = Release|Win32
		{A6A2DFF4-67AA-4AEF-B586-235F28E147EB}.Release|x86.Build.0 = Release|Win32
		{54FD0AC2-FE0C-4E72-ADC5-3A0DB0D54F8B}.Debug|x64.ActiveCfg = Debug|x64
		{54FD0AC2-FE0C-4E72-ADC5-3A0DB0D54F8B}.Debug|x64.Build.0 = Debug|x64
		{54FD0AC2-FE0C-4E72-ADC5-3A0DB0D54F8B}.Debug|x86.ActiveCfg = Debug|Win32
		{54FD0AC2-FE0C-4E72-ADC5-3A0DB0D54F8B}.Debug|x86.Build.0 = Debug|Win32
		{54FD0AC2-FE0C-4E72-ADC5-3A0DB0D54F8B}.Release|x64.ActiveCfg = Release|x64
		{54FD0AC2-FE0C-4E72-ADC5-3A0DB0D54F8B}.Release|x64.Build.0 = Release|x64
		{54FD0AC2-FE0C-4E72-ADC5-3A0DB0D54F8B}.Release|x86.ActiveCfg = Release|Win32
		{54FD0AC2-FE0C-4E72-ADC5-3A0DB0D54F8B}.Release|x86.Build.0 = Release|Win32
		{C01E927F-D5CA-47D4-A06D-BF0F051AAFB1}.Debug|x64.ActiveCfg = Debug|x64
		{C01E927F-D5CA-47D4-A06D-BF0F051AAFB1}.Debug|x64.Build.0 = Debug|x64
		{C01E927F-D5CA-47D4-A06D-BF0F051AAFB1}.Debug|x86.ActiveCfg = Debug|Win32
		{C01E927F-D5CA-47D4-A06D-BF0F051AAFB1}.Debug|x86.Build.0 = Debug|Win32
		{C01E927F-D5CA-47D4-A06D-BF0F051AAFB1}.Release|x64.ActiveCfg = Release|x64
		{C01E927F-D5CA-47D4-A06D-BF0F051AAFB1}.Release|x64.Build.0 = Release|x64
		{C01E927F-D5CA-47D4-A06D-BF0F051AAFB1}.Release|x86.ActiveCfg = Release|Win32
		{C01E927F-D5CA-47D4-A06D-BF0F051AAFB1}.Release|x86.Build.0 = Release|Win32
		{518BFCFF-1B73-423F-A09B-98819D5FF0CC}.Debug|x64.ActiveCfg = Debug|x64
		{518BFCFF-1B73-423F-A09B-98819D5FF0CC}.Debug|x64.Build.0 = Debug|x64
		{518BFCFF-1B73-423F-A09B-98819D5FF0CC}.Debug|x86.ActiveCfg = Debug|Win32
		{518BFCFF-1B73-423F-A09B-98819D5FF0CC}.Debug|x86.Build.0 = Debug|Win32
		{518BFCFF-1B73-423F-A09B-98819D5FF0CC}.Release|x64.ActiveCfg = Release|x64
		{518BFCFF-1B73-423F-A09B-98819D5FF0CC}.Release|x64.Build.0 = Release|x64
		{518BFCFF-1B73-423F-A09B-98819D5FF0CC}.Release|x86.ActiveCfg = Release|Win32
		{518BFCFF-1B73-423F-A09B-98819D5FF0CC}.Release|x86.Build.0 = Release|Win32
		{3BA3C4B4-0703-40EF-9CD2-86A67884A80E}.Debug|x64.ActiveCfg = Debug|x64
		{3BA3C4B4-0703-40EF-9CD2-86A67884A80E}.Debug|x64.Build.0 = Debug|x64
		{3BA3C4B4-0703-40EF-9CD2-86A67884A80E}.Debug|x86.ActiveCfg = Debug|Win32
		{3BA3C4B4-0703-40EF-9CD2-86A67884A80E}.Debug|x86.Build.0 = Debug|Win32
		{3BA3C4B4-0703-40EF-9CD2-86A67884A80E}.Release|x64.ActiveCfg = Release|x64
		{3BA3C4B4-0703-40EF-9CD2-86A67884A80E}.Release|x64.Build.0 = Release|x64
		{3BA3C4B4-0703-40EF-9CD2-86A67884A80E}.Release|x86.ActiveCfg = Release|Win32
		{3BA3C4B4-0703-40EF-9CD2-86A67884A80E}.Release|x86.Build.0 = Release|Win32
		{FDFC23B1-ED1D-4615-836C-1E0CE8E5C574}.Debug|x64.ActiveCfg = Debug|x64
		{FDFC23B1-ED1D-4615-836C-1E0CE8E5C574}.Debug|x64.Build.0 = Debug|x64
		{FDFC23B1-ED1D-4615-836C-1E0CE8E5C574}.Debug|x86.ActiveCfg = Debug|Win32
		{FDFC23B1-ED1D-4615-836C-1E0CE8E5C574}.Debug|x86.Build.0 = Debug|Win32
		{FDFC23B1-ED1D-4615-836C-1E0CE8E5C574}.Release|x64.ActiveCfg = Release|x64
		{FDFC23B1-ED1D-4615-836C-1E0CE8E5C574}.Release|x64.Build.0 = Release|x64
		{FDFC23B1-ED1D-4615-836C-1E0CE8E5C574}.Release|x86.ActiveCfg = Release|Win32
		{FDFC23B1-ED1D-4615-836C-1E0CE8E5C574}.Release|x86.Build.0 = Release|Win32
		{FC4BF53C-50D9-40BE-BEB2-58265D6CB435}.Debug|x64.ActiveCfg = Debug|x64
		{FC4BF53C-50D9-40BE-BEB2-58265D6CB435}.Debug|x64.Build.0 = Debug|x64
		{FC4BF53C-50D9-40BE-BEB2-58265D6CB435}.Debug|x86.ActiveCfg = Debug|Win32
		{FC4BF53C-50D9-40BE-BEB2-58265D6CB435}.Debug|x86.Build.0 = Debug|Win32
		{FC4BF53C-50D9-40BE-BEB2-58265D6CB435}.Release|x64.ActiveCfg = Release|x64
		{FC4BF53C-50D9-40BE-BEB2-58265D6CB435}.Release|x64.Build.0 = Release|x64
		{FC4BF53C-50D9-40BE-BEB2-58265D6CB435}.Release|x86.ActiveCfg = Release|Win32
		{FC4BF53C-50D9-40BE-BEB2-58265D6CB435}.Release|x86.Build.0 = Release|Win32
		{5F004DC8-FDD0-42D0-AC8C-D7A3A5121EE9}.Debug|x64.ActiveCfg = Debug|x64
		{5F004DC8-FDD0-42D0-AC8C-D7A3A5121EE9}.Debug|x64.Build.0 = Debug|x64
		{5F004DC8-FDD0-42D0-AC8C-D7A3A5121EE9}.Debug|x86.ActiveCfg = Debug|Win32
		{5F004DC8-FDD0-42D0-AC8C-D7A3A5121EE9}.Debug|x86.Build.0 = Debug|Win32
		{5F004DC8-FDD0-42D0-AC8C-D7A3A5121EE9}.Release|x64.ActiveCfg = Release|x64
		{5F004DC8-FDD0-42D0-AC8C-D7A3A5121EE9}.Release|x64.Build.0 = Release|x64
		{5F004DC8-FDD0-42D0-AC8C-D7A3A5121EE9}.Release|x86.ActiveCfg = Release|Win32
		{5F004DC8-FDD0-42D0-AC8C-D7A3A5121EE9}.Release|x86.Build.0 = Release|Win32
		{86A6CF1E-35B4-43A4-8659-5B1DBB7AA01E}.Debug|x64.ActiveCfg = Debug|x64
		{86A6CF1E-35B4-43A4-8659-5B1DBB7AA01E}.Debug|x64.Build.0 = Debug|x64
		{86A6CF1E-35B4-43A4-8659-5B1DBB7AA01E}.Debug|x86.ActiveCfg = Debug|Win32
		{86A6CF1E-35B4-43A4-8659-5B1DBB7AA01E}.Debug|x86.Build.0 = Debug|Win32
		{86A6CF1E-35B4-43A4-8659-5B1DBB7AA01E}.Release|x64.ActiveCfg = Release|x64
		{86A6CF1E-35B4-43A4-8659-5B1DBB7AA01E}.Release|x64.Build.0 = Release|x64
		{86A6CF1E-35B4-43A4-8659-5B1DBB7AA01E}.Release|x86.ActiveCfg = Release|Win32
		{86A6CF1E-35B4-43A4-8659-5B1DBB7AA01E}.Release|x86.Build.0 = Release|Win32
		{45ABAB05-9293-4EEA-A151-4B0086A7A85F}.Debug|x64.ActiveCfg = Debug|x64
		{45ABAB05-9293-4EEA-A151-4B0086A7A85F}.Debug|x64.Build.0 = Debug|x64
		{45ABAB05-9293-4EEA-A151-4B0086A7A85F}.Debug|x86.ActiveCfg = Debug|Win32
		{45ABAB05-9293-4EEA-A151-4B0086A7A85F}.Debug|x86.Build.0 = Debug|Win32
		{45ABAB05-9293-4EEA-A151-4B0086A7A85F}.Release|x64.ActiveCfg = Release|x64
		{45ABAB05-9293-4EEA-A151-4B0086A7A85F}.Release|x64.Build.0 = Release|x64
		{45ABAB05-9293-4EEA-A151-4B0086A7A85F}.Release|x86.ActiveCfg = Release|Win32
		{45ABAB05-9293-4EEA-A151-4B0086A7A85F}.Release|x86.Build.0 = Release|Win32
		{88A66EF5-D886-4D39-BD09-BD5C1CF9DEDD}.Debug|x64.ActiveCfg = Debug|x64
		{88A66EF5-D886-4D39-BD09-BD5C1CF9DEDD}.Debug|x64.Build.0 = Debug|x64
		{88A66EF5-D886-4D39-BD09-BD5C1CF9DEDD}.Debug|x86.ActiveCfg = Debug|Win32
		{88A66EF5-D886-4D39-BD09-BD5C1CF9DEDD}.Debug|x86.Build.0 = Debug|Win32
		{88A66EF5-D886-4D39-BD09-BD5C1CF9DEDD}.Release|x64.ActiveCfg = Release|x64
		{88A66EF5-D886-4D39-BD09-BD5C1CF9DEDD}.Release|x64.Build.0 = Release|x64
		{88A66EF5-D886-4D39-BD09-BD5C1CF9DEDD}.Release|x86.ActiveCfg = Release|Win32
		{88A66EF5-D886-4D39-BD09-BD5C1CF9DEDD}.Release|x86.Build.0 = Release|Win32
		{505C3CD2-B5D4-4197-BE23-8677C97E18A2}.Debug|x64.ActiveCfg = Debug|x64
		{505C3CD2-B5D4-4197-BE23-8677C97E18A2}.Debug|x64.Build.0 = Debug|x64
		{505C3CD2-B5D4-4197-BE23-8677C97E18A2}.Debug|x86.ActiveCfg = Debug|Win32
		{505C3CD2-B5D4-4197-BE23-8677C97E18A2}.Debug|x86.Build.0 = Debug|Win32
		{505C3CD2-B5D4-4197-BE23-8677C97E18A2}.Release|x64.ActiveCfg = Release|x64
		{505C3CD2-B5D4-4197-BE23-8677C97E18A2}.Release|x64.Build.0 = Release|x64
		{505C3CD2-B5D4-4197-BE23-8677C97E18A2}.Release|x86.ActiveCfg = Release|Win32
		{505C3CD2-B5D4-4197-BE23-8677C97E18A2}.Release|x86.Build.0 = Release|Win32
		{8E3EA7B8-B791-4C10-B329-AB3C672B915D}.Debug|x64.ActiveCfg = Debug|x64
		{8E3EA7B8-B791-4C10-B329-AB3C672B915D}.Debug|x64.Build.0 = Debug|x64
		{8E3EA7B8-B791-4C10-B329-AB3C672B915D}.Debug|x86.ActiveCfg = Debug|Win32
		{8E3EA7B8-B791-4C10-B329-AB3C672B915D}.Debug|x86.Build.0 = Debug|Win32
		{8E3EA7B8-B791-4C10-B329-AB3C672B915D}.Release|x64.ActiveCfg = Release|x64
		{8E3EA7B8-B791-4C10-B329-AB3C672B915D}.Release|x64.Build.0 = Release|x64
		{8E3EA7B8-B791-4C10-B329-AB3C672B915D}.Release|x86.ActiveCfg = Release|Win32
		{8E3EA7B8-B791-4C10-B329-AB3C672B915D}.Release|x86.Build.0 = Release|Win32
		{CE80BE4C-0C6E-4381-B05E-411E51CD4050}.Debug|x64.ActiveCfg = Debug|x64
		{CE80BE4C-0C6E-4381-B05E-411E51CD4050}.Debug|x64.Build.0 = Debug|x64
		{CE80BE4C-0C6E-4381-B05E-411E51CD4050}.Debug|x86.ActiveCfg = Debug|Win32
		{CE80BE4C-0C6E-4381-B05E-411E51CD4050}.Debug|x86.Build.0 = Debug|Win32
		{CE80BE4C-0C6E-4381-B05E-411E51CD4050}.Release|x64.ActiveCfg = Release|x64
		{CE80BE4C-0C6E-4381-B05E-411E51CD4050}.Release|x64.Build.0 = Release|x64
		{CE80BE4C-0C6E-4381-B05E-411E51CD4050}.Release|x86.ActiveCfg = Release|Win32
		{CE80BE4C-0C6E-4381-B05E-411E51CD4050}.Release|x86.Build.0 = Release|Win32
		{FE2D0DF0-CF05-44D9-9231-1F92473C5839}.Debug|x64.ActiveCfg = Debug|x64
		{FE2D0DF0-CF05-44D9-9231-1F92473C5839}.Debug|x64.Build.0 = Debug|x64
		{FE2D0DF0-CF05-44D9-9231-1F92473C5839}.Debug|x86.ActiveCfg = Debug|Win32
		{FE2D0DF0-CF05-44D9-9231-1F92473C5839}.Debug|x86.Build.0 = Debug|Win32
		{FE2D0DF0-CF05-44D9-9231-1F92473C5839}.Release|x64.ActiveCfg = Release|x64
		{FE2D0DF0-CF05-44D9-9231-1F92473C5839}.Release|x64.Build.0 = Release|x64
		{FE2D0DF0-CF05-44D9-9231-1F92473C5839}.Release|x86.ActiveCfg = Release|Win32
		{FE2D0DF0-CF05-44D9-9231-1F92473C5839}.Release|x86.Build.0 = Release|Win32
		{B2603498-B0AA-4F4A-9D24-05C3CF4A89B5}.Debug|x64.ActiveCfg = Debug|x64
		{B2603498-B0AA-4F4A-9D24-05C3CF4A89B5}.Debug|x64.Build.0 = Debug|x64
		{B2603498-B0AA-4F4A-9D24-05C3CF4A89B5}.Debug|x86.ActiveCfg = Debug|Win32
		{B2603498-B0AA-4F4A-9D24-05C3CF4A89B5}.Debug|x86.Build.0 = Debug|Win32
		{B2603498-B0AA-4F4A-9D24-05C3CF4A89B5}.Release|x64.ActiveCfg = Release|x64
		{B2603498-B0AA-4F4A-9D24-05C3CF4A89B5}.Release|x64.Build.0 = Release|x64
		{B2603498-B0AA-4F4A-9D24-05C3CF4A89B5}.Release|x86.ActiveCfg = Release|Win32
		{B2603498-B0AA-4F4A-9D24-05C3CF4A89B5}.Release|x86.Build.0 = Release|Win32
		{02F747C2-7580-4BF3-A916-678654536A59}.Debug|x64.ActiveCfg = Debug|x64
		{02F747C2-7580-4BF3-A916-678654536A59}.Debug|x64.Build.0 = Debug|x64
		{02F747C2-7580-4BF3-A916-678654536A59}.Debug|x86.ActiveCfg = Debug|Win32
		{02F747C2-7580-4BF3-A916-678654536A59}.Debug|x86.Build.0 = Debug|Win32
		{02F747C2-7580-4BF3-A916-678654536A59}.Release|x64.ActiveCfg = Release|x64
		{02F747C2-7580-4BF3-A916-678654536A59}.Release|x64.Build.0 = Release|x64
		{02F747C2-7580-4BF3-A916-678654536A59}.Release|x86.ActiveCfg = Release|Win32
		{02F747C2-7580-4BF3-A916-678654536A59}.Release|x86.Build.0 = Release|Win32
		{FB6E336F-06C2-4704-B8E5-21BD4547020D}.Debug|x64.ActiveCfg = Debug|x64
		{FB6E336F-06C2-4704-B8E5-21BD4547020D}.Debug|x64.Build.0 = Debug|x64
		{FB6E336F-06C2-4704-B8E5-21BD4547020D}.Debug|x86.ActiveCfg = Debug|Win32
		{FB6E336F-06C2-4704-B8E5-21BD4547020D}.Debug|x86.Build.0 = Debug|Win32
		{FB6E336F-06C2-4704-B8E5-21BD4547020D}.Release|x64.ActiveCfg = Release|x64
		{FB6E336F-06C2-4704-B8E5-21BD4547020D}.Release|x64.Build.0 = Release|x64
		{FB6E336F-06C2-4704-B8E5-21BD4547020D}.Release|x86.ActiveCfg = Release|Win32
		{FB6E336F-06C2-4704-B8E5-21BD4547020D}.Release|x86.Build.0 = Release|Win32
		{0BC4C2F1-EA1A-4B14-9588-B964301ABD88}.Debug|x64.ActiveCfg = Debug|x64
		{0BC4C2F1-EA1A-4B14-9588-B964301ABD88}.Debug|x64.Build.0 = Debug|x64
		{0BC4C2F1-EA1A-4B14-9588-B964301ABD88}.Debug|x86.ActiveCfg = Debug|Win32
		{0BC4C2F1-EA1A-4B14-9588-B964301ABD88}.Debug|x86.Build.0 = Debug|Win32
		{0BC4C2F1-EA1A-4B14-9588-B964301ABD88}.Release|x64.ActiveCfg = Release|x64
		{0BC4C2F1-EA1A-4B14-9588-B964301ABD88}.Release|x64.Build.0 = Release|x64
		{0BC4C2F1-EA1A-4B14-9588-B964301ABD88}.Release|x86.ActiveCfg = Release|Win32
		{0BC4C2F1-EA1A-4B14-9588-B964301ABD88}.Release|x86.Build.0 = Release|Win32
		{A33157CA-6565-4D96-9D2D-996539117B78}.Debug|x64.ActiveCfg = Debug|x64
		{A33157CA-6565-4D96-9D2D-996539117B78}.Debug|x64.Build.0 = Debug|x64
		{A33157CA-6565-4D96-9D2D-996539117B78}.Debug|x86.ActiveCfg = Debug|Win32
		{A33157CA-6565-4D96-9D2D-996539117B78}.Debug|x86.Build.0 = Debug|Win32
		{A33157CA-6565-4D96-9D2D-996539117B78}.Release|x64.ActiveCfg = Release|x64
		{A33157CA-6565-4D96-9D2D-996539117B78}.Release|x64.Build.0 = Release|x64
		{A33157CA-6565-4D96-9D2D-996539117B78}.Release|x86.ActiveCfg = Release|Win32
		{A33157CA-6565-4D96-9D2D-996539117B78}.Release|x86.Build.0 = Release|Win32
		{8235C3D8-C4A2-459D-A4B2-BC9B4D6242A9}.Debug|x64.ActiveCfg = Debug|x64
		{8235C3D8-C4A2-459D-A4B2-BC9B4D6242A9}.Debug|x64.Build.0 = Debug|x64
		{8235C3D8-C4A2-459D-A4B2-BC9B4D6242A9}.Debug|x86.ActiveCfg = Debug|Win32
		{8235C3D8-C4A2-459D-A4B2-BC9B4D6242A9}.Debug|x86.Build.0 = Debug|Win32
		{8235C3D8-C4A2-459D-A4B2-BC9B4D6242A9}.Release|x64.ActiveCfg = Release|x64
		{8235C3D8-C4A2-459D-A4B2-BC9B4D6242A9}.Release|x64.Build.0 = Release|x64
		{8235C3D8-C4A2-459D-A4B2-BC9B4D6242A9}.Release|x86.ActiveCfg = Release|Win32
		{8235C3D8-C4A2-459D-A4B2-BC9B4D6242A9}.Release|x86.Build.0 = Release|Win32
		{B9EDE718-2DCD-407A-8DAD-9862CCEF99C2}.Debug|x64.ActiveCfg = Debug|x64
		{B9EDE718-2DCD-407A-8DAD-9862CCEF99C2}.Debug|x64.Build.0 = Debug|x64
		{B9EDE718-2DCD-407A-8DAD-9862CCEF99C2}.Debug|x86.ActiveCfg = Debug|Win32
		{B9EDE718-2DCD-407A-8DAD-9862CCEF99C2}.Debug|x86.Build.0 = Debug|Win32
		{B9EDE718-2DCD-407A-8DAD-9862CCEF99C2}.Release|x64.ActiveCfg = Release|x64
		{B9EDE718-2DCD-407A-8DAD-9862CCEF99C2}.Release|x64.Build.0 = Release|x64
		{B9EDE718-2DCD-407A-8DAD-9862CCEF99C2}.Release|x86.ActiveCfg = Release|Win32
		{B9EDE718-2DCD-407A-8DAD-9862CCEF99C2}.Release|x86.Build.0 = Release|Win32
		{B2096129-CBCD-4228-BF42-2D4F017D803F}.Debug|x64.ActiveCfg = Debug|x64
		{B2096129-CBCD-4228-BF42-2D4F017D803F}.Debug|x64.Build.0 = Debug|x64
		{B2096129-CBCD-4228-BF42-2D4F017D803F}.Debug|x86.ActiveCfg = Debug|Win32
		{B2096129-CBCD-4228-BF42-2D4F017D803F}.Debug|x86.Build.0 = Debug|Win32
		{B2096129-CBCD-4228-BF42-2D4F017D803F}.Release|x64.ActiveCfg = Release|x64
		{B2096129-CBCD-4228-BF42-2D4F017D803F}.Release|x64.Build.0 = Release|x64
		{B2096129-CBCD-4228-BF42-2D4F017D803F}.Release|x86.ActiveCfg = Release|Win32
		{B2096129-CBCD-4228-BF42-2D4F017D803F}.Release|x86.Build.0 = Release|Win32
		{9018C4A0-8921-4E8D-8D73-A825392C585E}.Debug|x64.ActiveCfg = Debug|x64
		{9018C4A0-8921-4E8D-8D73-A825392C585E}.Debug|x64.Build.0 = Debug|x64
		{9018C4A0-8921-4E8D-8D73-A825392C585E}.Debug|x86.ActiveCfg = Debug|Win32
		{9018C4A0-8921-4E8D-8D73-A825392C585E}.Debug|x86.Build.0 = Debug|Win32
		{9018C4A0-8921-4E8D-8D73-A825392C585E}.Release|x64.ActiveCfg = Release|x64
		{9018C4A0-8921-4E8D-8D73-A825392C585E}.Release|x64.Build.0 = Release|x64
		{9018C4A0-8921-4E8D-8D73-A825392C585E}.Release|x86.ActiveCfg = Release|Win32
		{9018C4A0-8921-4E8D-8D73-A825392C585E}.Release|x86.Build.0 = Release|Win32
		{7E6A3BA0-EA2B-46F9-854A-107F0ECA9138}.Debug|x64.ActiveCfg = Debug|x64
		{7E6A3BA0-EA2B-46F9-854A-107F0ECA9138}.Debug|x64.Build.0 = Debug|x64
		{7E6A3BA0-EA2B-46F9-854A-107F0ECA9138}.Debug|x86.ActiveCfg = Debug|Win32
		{7E6A3BA0-EA2B-46F9-854A-107F0ECA9138}.Debug|x86.Build.0 = Debug|Win32
		{7E6A3BA0-EA2B-46F9-854A-107F0ECA9138}.Release|x64.ActiveCfg = Release|x64
		{7E6A3BA0-EA2B-46F9-854A-107F0ECA9138}.Release|x64.Build.0 = Release|x64
		{7E6A3BA0-EA2B-46F9-854A-107F0ECA9138}.Release|x86.ActiveCfg = Release|Win32
		{7E6A3BA0-EA2B-46F9-854A-107F0ECA9138}.Release|x86.Build.0 = Release|Win32
		{F8B33BF0-042A-461E-A151-22951C8C7A2D}.Debug|x64.ActiveCfg = Debug|x64
		{F8B33BF0-042A-461E-A151-22951C8C7A2D}.Debug|x64.Build.0 = Debug|x64
		{F8B33BF0-042A-461E-A151-22951C8C7A2D}.Debug|x86.ActiveCfg = Debug|Win32
		{F8B33BF0-042A-461E-A151-22951C8C7A2D}.Debug|x86.Build.0 = Debug|Win32
		{F8B33BF0-042A-461E-A151-22951C8C7A2D}.Release|x64.ActiveCfg = Release|x64
		{F8B33BF0-042A-461E-A151-22951C8C7A2D}.Release|x64.Build.0 = Release|x64
		{F8B33BF0-042A-461E-A151-22951C8C7A2D}.Release|x86.ActiveCfg = Release|Win32
		{F8B33BF0-042A-461E-A151-22951C8C7A2D}.Release|x86.Build.0 = Release|Win32
		{C3D8A55F-2093-4B42-92F0-719B46112691}.Debug|x64.ActiveCfg = Debug|x64
		{C3D8A55F-2093-4B42-92F0-719B46112691}.Debug|x64.Build.0 = Debug|x64
		{C3D8A55F-2093-4B42-92F0-719B46112691}.Debug|x86.ActiveCfg = Debug|Win32
		{C3D8A55F-2093-4B42-92F0-719B46112691}.Debug|x86.Build.0 = Debug|Win32
		{C3D8A55F-2093-4B42-92F0-719B46112691}.Release|x64.ActiveCfg = Release|x64
		{C3D8A55F-2093-4B42-92F0-719B46112691}.Release|x64.Build.0 = Release|x64
		{C3D8A55F-2093-4B42-92F0-719B46112691}.Release|x86.ActiveCfg = Release|Win32
		{C3D8A55F-2093-4B42-92F0-719B46112691}.Release|x86.Build.0 = Release|Win32
	EndGlobalSection
	GlobalSection(SolutionProperties) = preSolution
		HideSolutionNode = FALSE
	EndGlobalSection
EndGlobal
